
Microsoft Visual Studio Solution File, Format Version 12.00
# Visual Studio 15
Project("{FAE04EC0-301F-11D3-BF4B-00C04F79EFBC}") = "Assembly-CSharp", "Assembly-CSharp.csproj", "{434B8A01-57E5-C93A-F8B7-A2016FFE6088}"
EndProject
Project("{FAE04EC0-301F-11D3-BF4B-00C04F79EFBC}") = "Assembly-CSharp-Editor", "Assembly-CSharp-Editor.csproj", "{B2F6BBD3-37F9-AC9A-E876-48A1817D8CA4}"
EndProject
Global
	GlobalSection(SolutionConfigurationPlatforms) = preSolution
		Debug|Any CPU = Debug|Any CPU
		Release|Any CPU = Release|Any CPU
	EndGlobalSection
	GlobalSection(ProjectConfigurationPlatforms) = postSolution
		{434B8A01-57E5-C93A-F8B7-A2016FFE6088}.Debug|Any CPU.ActiveCfg = Debug|Any CPU
		{434B8A01-57E5-C93A-F8B7-A2016FFE6088}.Debug|Any CPU.Build.0 = Debug|Any CPU
		{434B8A01-57E5-C93A-F8B7-A2016FFE6088}.Release|Any CPU.ActiveCfg = Release|Any CPU
		{434B8A01-57E5-C93A-F8B7-A2016FFE6088}.Release|Any CPU.Build.0 = Release|Any CPU
		{B2F6BBD3-37F9-AC9A-E876-48A1817D8CA4}.Debug|Any CPU.ActiveCfg = Debug|Any CPU
		{B2F6BBD3-37F9-AC9A-E876-48A1817D8CA4}.Debug|Any CPU.Build.0 = Debug|Any CPU
		{B2F6BBD3-37F9-AC9A-E876-48A1817D8CA4}.Release|Any CPU.ActiveCfg = Release|Any CPU
		{B2F6BBD3-37F9-AC9A-E876-48A1817D8CA4}.Release|Any CPU.Build.0 = Release|Any CPU
	EndGlobalSection
	GlobalSection(SolutionProperties) = preSolution
		HideSolutionNode = FALSE
	EndGlobalSection
EndGlobal
